
Microsoft Visual Studio Solution File, Format Version 12.00
# Visual Studio Version 16
VisualStudioVersion = 16.0.30804.86
MinimumVisualStudioVersion = 10.0.40219.1
Project("{9A19103F-16F7-4668-BE54-9A1E7A4F7556}") = "KampIntro", "KampIntro\KampIntro.csproj", "{BB15B5B6-FA8C-472C-9C97-0AF0BE6A481B}"
EndProject
Project("{9A19103F-16F7-4668-BE54-9A1E7A4F7556}") = "Donguler", "Donguler\Donguler.csproj", "{92F44F66-9A9F-4BA7-8DD2-15E99FB51633}"
EndProject
Project("{9A19103F-16F7-4668-BE54-9A1E7A4F7556}") = "ClassIntro", "ClassIntro\ClassIntro.csproj", "{12E1D2B6-0C26-41A1-B73B-C93F73FAC988}"
EndProject
Project("{9A19103F-16F7-4668-BE54-9A1E7A4F7556}") = "Metotlar", "Metotlar\Metotlar.csproj", "{39B800A6-6108-4835-80E8-7AA51A767D96}"
EndProject
Project("{9A19103F-16F7-4668-BE54-9A1E7A4F7556}") = "Matematik", "Matematik\Matematik.csproj", "{18BA45B6-9F6D-42D5-A00D-8156248EEFA6}"
EndProject
Project("{9A19103F-16F7-4668-BE54-9A1E7A4F7556}") = "DegerVeReferansTipler", "DegerVeReferansTipler\DegerVeReferansTipler.csproj", "{C44A32B6-CEDA-41A8-9C4C-6E2946AE269A}"
EndProject
Project("{9A19103F-16F7-4668-BE54-9A1E7A4F7556}") = "OOP1", "OOP1\OOP1.csproj", "{EAE88C89-6C91-4A9A-919F-E74A96CF6554}"
EndProject
Project("{9A19103F-16F7-4668-BE54-9A1E7A4F7556}") = "Koleksiyonlar", "Koleksiyonlar\Koleksiyonlar.csproj", "{53B37015-6F9D-4CE6-A0F6-E40806A458B4}"
EndProject
Project("{9A19103F-16F7-4668-BE54-9A1E7A4F7556}") = "GenericsIntro", "GenericsIntro\GenericsIntro.csproj", "{583180BD-2AB4-45FF-AA49-3077F85B1CD0}"
EndProject
Project("{FAE04EC0-301F-11D3-BF4B-00C04F79EFBC}") = "OOP2", "OOP2\OOP2.csproj", "{483114D0-5C7F-43A7-B51A-EB884E3441B2}"
EndProject
Project("{FAE04EC0-301F-11D3-BF4B-00C04F79EFBC}") = "OOP3", "OOP3\OOP3.csproj", "{19B47F28-983F-4640-B3BD-8D47FF368025}"
EndProject
Global
	GlobalSection(SolutionConfigurationPlatforms) = preSolution
		Debug|Any CPU = Debug|Any CPU
		Release|Any CPU = Release|Any CPU
	EndGlobalSection
	GlobalSection(ProjectConfigurationPlatforms) = postSolution
		{BB15B5B6-FA8C-472C-9C97-0AF0BE6A481B}.Debug|Any CPU.ActiveCfg = Debug|Any CPU
		{BB15B5B6-FA8C-472C-9C97-0AF0BE6A481B}.Debug|Any CPU.Build.0 = Debug|Any CPU
		{BB15B5B6-FA8C-472C-9C97-0AF0BE6A481B}.Release|Any CPU.ActiveCfg = Release|Any CPU
		{BB15B5B6-FA8C-472C-9C97-0AF0BE6A481B}.Release|Any CPU.Build.0 = Release|Any CPU
		{92F44F66-9A9F-4BA7-8DD2-15E99FB51633}.Debug|Any CPU.ActiveCfg = Debug|Any CPU
		{92F44F66-9A9F-4BA7-8DD2-15E99FB51633}.Debug|Any CPU.Build.0 = Debug|Any CPU
		{92F44F66-9A9F-4BA7-8DD2-15E99FB51633}.Release|Any CPU.ActiveCfg = Release|Any CPU
		{92F44F66-9A9F-4BA7-8DD2-15E99FB51633}.Release|Any CPU.Build.0 = Release|Any CPU
		{12E1D2B6-0C26-41A1-B73B-C93F73FAC988}.Debug|Any CPU.ActiveCfg = Debug|Any CPU
		{12E1D2B6-0C26-41A1-B73B-C93F73FAC988}.Debug|Any CPU.Build.0 = Debug|Any CPU
		{12E1D2B6-0C26-41A1-B73B-C93F73FAC988}.Release|Any CPU.ActiveCfg = Release|Any CPU
		{12E1D2B6-0C26-41A1-B73B-C93F73FAC988}.Release|Any CPU.Build.0 = Release|Any CPU
		{39B800A6-6108-4835-80E8-7AA51A767D96}.Debug|Any CPU.ActiveCfg = Debug|Any CPU
		{39B800A6-6108-4835-80E8-7AA51A767D96}.Debug|Any CPU.Build.0 = Debug|Any CPU
		{39B800A6-6108-4835-80E8-7AA51A767D96}.Release|Any CPU.ActiveCfg = Release|Any CPU
		{39B800A6-6108-4835-80E8-7AA51A767D96}.Release|Any CPU.Build.0 = Release|Any CPU
		{18BA45B6-9F6D-42D5-A00D-8156248EEFA6}.Debug|Any CPU.ActiveCfg = Debug|Any CPU
		{18BA45B6-9F6D-42D5-A00D-8156248EEFA6}.Debug|Any CPU.Build.0 = Debug|Any CPU
		{18BA45B6-9F6D-42D5-A00D-8156248EEFA6}.Release|Any CPU.ActiveCfg = Release|Any CPU
		{18BA45B6-9F6D-42D5-A00D-8156248EEFA6}.Release|Any CPU.Build.0 = Release|Any CPU
		{C44A32B6-CEDA-41A8-9C4C-6E2946AE269A}.Debug|Any CPU.ActiveCfg = Debug|Any CPU
		{C44A32B6-CEDA-41A8-9C4C-6E2946AE269A}.Debug|Any CPU.Build.0 = Debug|Any CPU
		{C44A32B6-CEDA-41A8-9C4C-6E2946AE269A}.Release|Any CPU.ActiveCfg = Release|Any CPU
		{C44A32B6-CEDA-41A8-9C4C-6E2946AE269A}.Release|Any CPU.Build.0 = Release|Any CPU
		{EAE88C89-6C91-4A9A-919F-E74A96CF6554}.Debug|Any CPU.ActiveCfg = Debug|Any CPU
		{EAE88C89-6C91-4A9A-919F-E74A96CF6554}.Debug|Any CPU.Build.0 = Debug|Any CPU
		{EAE88C89-6C91-4A9A-919F-E74A96CF6554}.Release|Any CPU.ActiveCfg = Release|Any CPU
		{EAE88C89-6C91-4A9A-919F-E74A96CF6554}.Release|Any CPU.Build.0 = Release|Any CPU
		{53B37015-6F9D-4CE6-A0F6-E40806A458B4}.Debug|Any CPU.ActiveCfg = Debug|Any CPU
		{53B37015-6F9D-4CE6-A0F6-E40806A458B4}.Debug|Any CPU.Build.0 = Debug|Any CPU
		{53B37015-6F9D-4CE6-A0F6-E40806A458B4}.Release|Any CPU.ActiveCfg = Release|Any CPU
		{53B37015-6F9D-4CE6-A0F6-E40806A458B4}.Release|Any CPU.Build.0 = Release|Any CPU
		{583180BD-2AB4-45FF-AA49-3077F85B1CD0}.Debug|Any CPU.ActiveCfg = Debug|Any CPU
		{583180BD-2AB4-45FF-AA49-3077F85B1CD0}.Debug|Any CPU.Build.0 = Debug|Any CPU
		{583180BD-2AB4-45FF-AA49-3077F85B1CD0}.Release|Any CPU.ActiveCfg = Release|Any CPU
		{583180BD-2AB4-45FF-AA49-3077F85B1CD0}.Release|Any CPU.Build.0 = Release|Any CPU
		{483114D0-5C7F-43A7-B51A-EB884E3441B2}.Debug|Any CPU.ActiveCfg = Debug|Any CPU
		{483114D0-5C7F-43A7-B51A-EB884E3441B2}.Debug|Any CPU.Build.0 = Debug|Any CPU
		{483114D0-5C7F-43A7-B51A-EB884E3441B2}.Release|Any CPU.ActiveCfg = Release|Any CPU
		{483114D0-5C7F-43A7-B51A-EB884E3441B2}.Release|Any CPU.Build.0 = Release|Any CPU
		{19B47F28-983F-4640-B3BD-8D47FF368025}.Debug|Any CPU.ActiveCfg = Debug|Any CPU
		{19B47F28-983F-4640-B3BD-8D47FF368025}.Debug|Any CPU.Build.0 = Debug|Any CPU
		{19B47F28-983F-4640-B3BD-8D47FF368025}.Release|Any CPU.ActiveCfg = Release|Any CPU
		{19B47F28-983F-4640-B3BD-8D47FF368025}.Release|Any CPU.Build.0 = Release|Any CPU
	EndGlobalSection
	GlobalSection(SolutionProperties) = preSolution
		HideSolutionNode = FALSE
	EndGlobalSection
	GlobalSection(ExtensibilityGlobals) = postSolution
		SolutionGuid = {C860E247-92F8-472D-94FB-8FF755E9D3F1}
	EndGlobalSection
EndGlobal
